
Microsoft Visual Studio Solution File, Format Version 12.00
# Visual Studio Version 16
VisualStudioVersion = 16.0.32630.194
MinimumVisualStudioVersion = 10.0.40219.1
Project("{FAE04EC0-301F-11D3-BF4B-00C04F79EFBC}") = "array", "array.csproj", "{C6688A7B-B5F5-4C5F-86C8-67ADCD1BB28A}"
EndProject
Global
	GlobalSection(SolutionConfigurationPlatforms) = preSolution
		Debug|Any CPU = Debug|Any CPU
		Release|Any CPU = Release|Any CPU
	EndGlobalSection
	GlobalSection(ProjectConfigurationPlatforms) = postSolution
		{C6688A7B-B5F5-4C5F-86C8-67ADCD1BB28A}.Debug|Any CPU.ActiveCfg = Debug|Any CPU
		{C6688A7B-B5F5-4C5F-86C8-67ADCD1BB28A}.Debug|Any CPU.Build.0 = Debug|Any CPU
		{C6688A7B-B5F5-4C5F-86C8-67ADCD1BB28A}.Release|Any CPU.ActiveCfg = Release|Any CPU
		{C6688A7B-B5F5-4C5F-86C8-67ADCD1BB28A}.Release|Any CPU.Build.0 = Release|Any CPU
	EndGlobalSection
	GlobalSection(SolutionProperties) = preSolution
		HideSolutionNode = FALSE
	EndGlobalSection
	GlobalSection(ExtensibilityGlobals) = postSolution
		SolutionGuid = {99A37F70-03BD-4C3B-B317-757FA0B9E79C}
	EndGlobalSection
EndGlobal
